{
    "_meta": {
        "hash": {
            "sha256": "6e8eaa750a18e817b4e4ac776f67af71b119aebc844fb10e0e5836a49335fb0b"
        },
        "pipfile-spec": 6,
        "requires": {
            "python_version": "3.10"
        },
        "sources": [
            {
                "name": "pypi",
                "url": "https://pypi.org/simple",
                "verify_ssl": true
            }
        ]
    },
    "default": {
        "dnspython": {
            "hashes": [
                "sha256:0f7569a4a6ff151958b64304071d370daa3243d15941a7beedf0c9fe5105603e",
                "sha256:a851e51367fb93e9e1361732c1d60dab63eff98712e503ea7d92e6eccb109b4f"
            ],
            "index": "pypi",
            "version": "==2.2.1"
        },
        "gunicorn": {
            "hashes": [
                "sha256:9dcc4547dbb1cb284accfb15ab5667a0e5d1881cc443e0677b4882a4067a807e",
                "sha256:e0a968b5ba15f8a328fdfd7ab1fcb5af4470c28aaf7e55df02a99bc13138e6e8"
            ],
            "index": "pypi",
            "version": "==20.1.0"
        },
        "setuptools": {
            "hashes": [
                "sha256:2a5de5d1ed1fd6dfbe4f1a1079af816032e2d8dfc0975265b57a61429511d10c",
                "sha256:a4c782ac58fcc9e3a86e5e1a4c74cf9d24bf21e4f1562043309022e1bb76951c"
            ],
            "markers": "python_version >= '3.7'",
            "version": "==62.5.0"
        }
    },
    "develop": {}
}
